
Microsoft Visual Studio Solution File, Format Version 12.00
# Visual Studio Version 17
VisualStudioVersion = 17.0.31919.166
MinimumVisualStudioVersion = 10.0.40219.1
Project("{FAE04EC0-301F-11D3-BF4B-00C04F79EFBC}") = "UC12_MessageBox", "UC12_MessageBox\UC12_MessageBox.csproj", "{F5E46539-7524-477D-9808-5C0DE6CF3515}"
EndProject
Global
	GlobalSection(SolutionConfigurationPlatforms) = preSolution
		Debug|Any CPU = Debug|Any CPU
		Release|Any CPU = Release|Any CPU
	EndGlobalSection
	GlobalSection(ProjectConfigurationPlatforms) = postSolution
		{F5E46539-7524-477D-9808-5C0DE6CF3515}.Debug|Any CPU.ActiveCfg = Debug|Any CPU
		{F5E46539-7524-477D-9808-5C0DE6CF3515}.Debug|Any CPU.Build.0 = Debug|Any CPU
		{F5E46539-7524-477D-9808-5C0DE6CF3515}.Release|Any CPU.ActiveCfg = Release|Any CPU
		{F5E46539-7524-477D-9808-5C0DE6CF3515}.Release|Any CPU.Build.0 = Release|Any CPU
	EndGlobalSection
	GlobalSection(SolutionProperties) = preSolution
		HideSolutionNode = FALSE
	EndGlobalSection
	GlobalSection(ExtensibilityGlobals) = postSolution
		SolutionGuid = {8FDB5C44-3C05-4D30-B600-04B7BF4304B8}
	EndGlobalSection
EndGlobal
